
Microsoft Visual Studio Solution File, Format Version 12.00
# Visual Studio Version 17
VisualStudioVersion = 17.14.37614.0 d17.14
MinimumVisualStudioVersion = 10.0.40219.1
Project("{888888A0-9F3D-457C-B088-3A5042F75D52}") = "CreateToDoListsPerMonthV2", "CreateToDoListsPerMonthV2.pyproj", "{DD00C83F-54C3-468B-813C-B97341F7881B}"
EndProject
Global
	GlobalSection(SolutionConfigurationPlatforms) = preSolution
		Debug|Any CPU = Debug|Any CPU
		Release|Any CPU = Release|Any CPU
	EndGlobalSection
	GlobalSection(ProjectConfigurationPlatforms) = postSolution
		{DD00C83F-54C3-468B-813C-B97341F7881B}.Debug|Any CPU.ActiveCfg = Debug|Any CPU
		{DD00C83F-54C3-468B-813C-B97341F7881B}.Release|Any CPU.ActiveCfg = Release|Any CPU
	EndGlobalSection
	GlobalSection(SolutionProperties) = preSolution
		HideSolutionNode = FALSE
	EndGlobalSection
	GlobalSection(ExtensibilityGlobals) = postSolution
		SolutionGuid = {15A29109-91A7-4471-94A7-08377D960A9C}
	EndGlobalSection
EndGlobal
